{
  "name": "scvg",
  "lockfileVersion": 3,
  "requires": true,
  "packages": {
    "": {
      "dependencies": {
        "@fontsource/maple-mono": "^5.2.6"
      }
    },
    "node_modules/@fontsource/maple-mono": {
      "version": "5.2.6",
      "resolved": "https://registry.npmjs.org/@fontsource/maple-mono/-/maple-mono-5.2.6.tgz",
      "integrity": "sha512-+VAD7z8nyTkaiz2/Ww639Z5Kp/YJIL4dNMQxydqSMafNb5nKxFeoRq6W3g9WJ04IcBjdBmn0dKFNk90lyz7K+w==",
      "license": "OFL-1.1",
      "funding": {
        "url": "https://github.com/sponsors/ayuhito"
      }
    }
  }
}
